
Microsoft Visual Studio Solution File, Format Version 12.00
# Visual Studio Version 17
VisualStudioVersion = 17.5.33424.131
MinimumVisualStudioVersion = 10.0.40219.1
Project("{FAE04EC0-301F-11D3-BF4B-00C04F79EFBC}") = "Backend", "Backend.csproj", "{446351EC-17F8-4D1D-80E7-BFBFA513078F}"
EndProject
Project("{FAE04EC0-301F-11D3-BF4B-00C04F79EFBC}") = "Fontend", "..\Fontend\Fontend.csproj", "{35289E10-F80B-4394-9E19-92AAB5B8C3F7}"
EndProject
Project("{FAE04EC0-301F-11D3-BF4B-00C04F79EFBC}") = "Infrastructure", "..\Infrastructure\Infrastructure.csproj", "{C6A717F3-56FA-4917-BB0D-42282668B221}"
EndProject
Project("{FAE04EC0-301F-11D3-BF4B-00C04F79EFBC}") = "API Getways", "..\API Getways\API Getways.csproj", "{98D89C75-B08A-439E-B147-F36D0F16433B}"
EndProject
Global
	GlobalSection(SolutionConfigurationPlatforms) = preSolution
		Debug|Any CPU = Debug|Any CPU
		Release|Any CPU = Release|Any CPU
	EndGlobalSection
	GlobalSection(ProjectConfigurationPlatforms) = postSolution
		{446351EC-17F8-4D1D-80E7-BFBFA513078F}.Debug|Any CPU.ActiveCfg = Debug|Any CPU
		{446351EC-17F8-4D1D-80E7-BFBFA513078F}.Debug|Any CPU.Build.0 = Debug|Any CPU
		{446351EC-17F8-4D1D-80E7-BFBFA513078F}.Release|Any CPU.ActiveCfg = Release|Any CPU
		{446351EC-17F8-4D1D-80E7-BFBFA513078F}.Release|Any CPU.Build.0 = Release|Any CPU
		{35289E10-F80B-4394-9E19-92AAB5B8C3F7}.Debug|Any CPU.ActiveCfg = Debug|Any CPU
		{35289E10-F80B-4394-9E19-92AAB5B8C3F7}.Debug|Any CPU.Build.0 = Debug|Any CPU
		{35289E10-F80B-4394-9E19-92AAB5B8C3F7}.Release|Any CPU.ActiveCfg = Release|Any CPU
		{35289E10-F80B-4394-9E19-92AAB5B8C3F7}.Release|Any CPU.Build.0 = Release|Any CPU
		{C6A717F3-56FA-4917-BB0D-42282668B221}.Debug|Any CPU.ActiveCfg = Debug|Any CPU
		{C6A717F3-56FA-4917-BB0D-42282668B221}.Debug|Any CPU.Build.0 = Debug|Any CPU
		{C6A717F3-56FA-4917-BB0D-42282668B221}.Release|Any CPU.ActiveCfg = Release|Any CPU
		{C6A717F3-56FA-4917-BB0D-42282668B221}.Release|Any CPU.Build.0 = Release|Any CPU
		{98D89C75-B08A-439E-B147-F36D0F16433B}.Debug|Any CPU.ActiveCfg = Debug|Any CPU
		{98D89C75-B08A-439E-B147-F36D0F16433B}.Debug|Any CPU.Build.0 = Debug|Any CPU
		{98D89C75-B08A-439E-B147-F36D0F16433B}.Release|Any CPU.ActiveCfg = Release|Any CPU
		{98D89C75-B08A-439E-B147-F36D0F16433B}.Release|Any CPU.Build.0 = Release|Any CPU
	EndGlobalSection
	GlobalSection(SolutionProperties) = preSolution
		HideSolutionNode = FALSE
	EndGlobalSection
	GlobalSection(ExtensibilityGlobals) = postSolution
		SolutionGuid = {95BC2E04-AA1E-4A9C-B3B7-DF18A9E0C263}
	EndGlobalSection
EndGlobal
